
Microsoft Visual Studio Solution File, Format Version 12.00
# Visual Studio 2017
Project("{FAE04EC0-301F-11D3-BF4B-00C04F79EFBC}") = "WebVR Project", "WebVR Project.csproj", "{B1601537-DCA2-9F33-0960-E9B83DEA73A3}"
EndProject
Project("{FAE04EC0-301F-11D3-BF4B-00C04F79EFBC}") = "WebVR Project.Editor", "WebVR Project.Editor.csproj", "{58ED4CD9-D9E6-094D-3765-E198A9FE05EA}"
EndProject
Global
	GlobalSection(SolutionConfigurationPlatforms) = preSolution
		Debug|Any CPU = Debug|Any CPU
		Release|Any CPU = Release|Any CPU
	EndGlobalSection
	GlobalSection(ProjectConfigurationPlatforms) = postSolution
		{B1601537-DCA2-9F33-0960-E9B83DEA73A3}.Debug|Any CPU.ActiveCfg = Debug|Any CPU
		{B1601537-DCA2-9F33-0960-E9B83DEA73A3}.Debug|Any CPU.Build.0 = Debug|Any CPU
		{B1601537-DCA2-9F33-0960-E9B83DEA73A3}.Release|Any CPU.ActiveCfg = Release|Any CPU
		{B1601537-DCA2-9F33-0960-E9B83DEA73A3}.Release|Any CPU.Build.0 = Release|Any CPU
		{58ED4CD9-D9E6-094D-3765-E198A9FE05EA}.Debug|Any CPU.ActiveCfg = Debug|Any CPU
		{58ED4CD9-D9E6-094D-3765-E198A9FE05EA}.Debug|Any CPU.Build.0 = Debug|Any CPU
		{58ED4CD9-D9E6-094D-3765-E198A9FE05EA}.Release|Any CPU.ActiveCfg = Release|Any CPU
		{58ED4CD9-D9E6-094D-3765-E198A9FE05EA}.Release|Any CPU.Build.0 = Release|Any CPU
	EndGlobalSection
	GlobalSection(SolutionProperties) = preSolution
		HideSolutionNode = FALSE
	EndGlobalSection
EndGlobal
