
Microsoft Visual Studio Solution File, Format Version 12.00
# Visual Studio 2017
Project("{FAE04EC0-301F-11D3-BF4B-00C04F79EFBC}") = "WebVR Vive Project", "WebVR Vive Project.csproj", "{FB830488-D70D-4F1E-FD30-C445F61E3E56}"
EndProject
Project("{FAE04EC0-301F-11D3-BF4B-00C04F79EFBC}") = "WebVR Vive Project.Editor", "WebVR Vive Project.Editor.csproj", "{2512D9D6-2A38-B97D-3964-9198B9710665}"
EndProject
Global
	GlobalSection(SolutionConfigurationPlatforms) = preSolution
		Debug|Any CPU = Debug|Any CPU
		Release|Any CPU = Release|Any CPU
	EndGlobalSection
	GlobalSection(ProjectConfigurationPlatforms) = postSolution
		{FB830488-D70D-4F1E-FD30-C445F61E3E56}.Debug|Any CPU.ActiveCfg = Debug|Any CPU
		{FB830488-D70D-4F1E-FD30-C445F61E3E56}.Debug|Any CPU.Build.0 = Debug|Any CPU
		{FB830488-D70D-4F1E-FD30-C445F61E3E56}.Release|Any CPU.ActiveCfg = Release|Any CPU
		{FB830488-D70D-4F1E-FD30-C445F61E3E56}.Release|Any CPU.Build.0 = Release|Any CPU
		{2512D9D6-2A38-B97D-3964-9198B9710665}.Debug|Any CPU.ActiveCfg = Debug|Any CPU
		{2512D9D6-2A38-B97D-3964-9198B9710665}.Debug|Any CPU.Build.0 = Debug|Any CPU
		{2512D9D6-2A38-B97D-3964-9198B9710665}.Release|Any CPU.ActiveCfg = Release|Any CPU
		{2512D9D6-2A38-B97D-3964-9198B9710665}.Release|Any CPU.Build.0 = Release|Any CPU
	EndGlobalSection
	GlobalSection(SolutionProperties) = preSolution
		HideSolutionNode = FALSE
	EndGlobalSection
EndGlobal
